// !$*UTF8*$!
{
	archiveVersion = 1;
	classes = {
	};
	objectVersion = 56;
	objects = {

/* Begin PBXBuildFile section */
		0572CD9C153FC7FB4C89C279 /* QuizView.swift in Sources */ = {isa = PBXBuildFile; fileRef = B5A7054CB39F9099710318F8 /* QuizView.swift */; };
		0A2D8E6DDB5A7C9F50389A33 /* TimerRingView.swift in Sources */ = {isa = PBXBuildFile; fileRef = B404EE307E17703D69568B0D /* TimerRingView.swift */; };
		1AD459EB41671F46321A1750 /* ProgressView.swift in Sources */ = {isa = PBXBuildFile; fileRef = 6CA2AACB4861C5234C9676E4 /* ProgressView.swift */; };
		22A2C49DDE325C95E4AF62A6 /* GameMode.swift in Sources */ = {isa = PBXBuildFile; fileRef = F62243BABBA0F8618964C420 /* GameMode.swift */; };
		2B0DE17FACE65E3522F0BBAB /* HapticManager.swift in Sources */ = {isa = PBXBuildFile; fileRef = EFC09C5F2EC6F01733642FD7 /* HapticManager.swift */; };
		2F8ACACBDB4EB17CACEF06FF /* AppRoute.swift in Sources */ = {isa = PBXBuildFile; fileRef = 6BD5E9766A7396E0E43DA120 /* AppRoute.swift */; };
		3076280AA5CFC81EA6FEA2C0 /* DifficultySelectionView.swift in Sources */ = {isa = PBXBuildFile; fileRef = 4A1AA32FABF0EE28B53B1DA1 /* DifficultySelectionView.swift */; };
		36008A22012B94530B65F641 /* PrimaryButton.swift in Sources */ = {isa = PBXBuildFile; fileRef = 410CD345E403C76DDE6411BD /* PrimaryButton.swift */; };
		376C5A9B475FED81312B5DC9 /* XPProgressView.swift in Sources */ = {isa = PBXBuildFile; fileRef = A05C520B53C374762F396500 /* XPProgressView.swift */; };
		3953E1D60FD2A93C75081A69 /* GameResult.swift in Sources */ = {isa = PBXBuildFile; fileRef = 6835D3E77B76B15F031707F0 /* GameResult.swift */; };
		5C4D43E61ECC5901D90A6805 /* AnswerButton.swift in Sources */ = {isa = PBXBuildFile; fileRef = F1E71668BA855F9C49AC3E83 /* AnswerButton.swift */; };
		68314FF41BD31679F413F9FD /* DifficultyCardView.swift in Sources */ = {isa = PBXBuildFile; fileRef = B88878F073260367F746CDBB /* DifficultyCardView.swift */; };
		6CEE07E8F4E3BDF32E6CC93F /* LeaderboardEntry.swift in Sources */ = {isa = PBXBuildFile; fileRef = 1090D87E227E39C3B8A96956 /* LeaderboardEntry.swift */; };
		6D460B87DE12ADE0643D4F78 /* CountryDatabase.swift in Sources */ = {isa = PBXBuildFile; fileRef = 9DA8A1DB982B6599B803F441 /* CountryDatabase.swift */; };
		7F85965D0DBD296822761116 /* SettingsView.swift in Sources */ = {isa = PBXBuildFile; fileRef = 48CC288A78E2C99AB7E77475 /* SettingsView.swift */; };
		892B61B22FEA646A00DBF067 /* Countrymapshape.swift in Sources */ = {isa = PBXBuildFile; fileRef = 892B61B12FEA646A00DBF067 /* Countrymapshape.swift */; };
		892B61B42FEA654B00DBF067 /* Countryoutlines.swift in Sources */ = {isa = PBXBuildFile; fileRef = 892B61B32FEA654B00DBF067 /* Countryoutlines.swift */; };
		8950E3E32FEC85F2000BED33 /* NewAssets.xcassets in Resources */ = {isa = PBXBuildFile; fileRef = 8950E3E22FEC85F2000BED33 /* NewAssets.xcassets */; };
		9333DF10AA3923CD2E35A005 /* BadgesView.swift in Sources */ = {isa = PBXBuildFile; fileRef = 2544903DE26099A24917EAE9 /* BadgesView.swift */; };
		9A705BAF616ECA3AA0A56875 /* StatCardView.swift in Sources */ = {isa = PBXBuildFile; fileRef = 1C313BA4589659AC4230ED36 /* StatCardView.swift */; };
		9B602B311244610BB221ABB4 /* HomeView.swift in Sources */ = {isa = PBXBuildFile; fileRef = DEB375FD9F137E5971B42000 /* HomeView.swift */; };
		9E7C9F5AFDE0A01AE9A16D21 /* SecondaryButton.swift in Sources */ = {isa = PBXBuildFile; fileRef = C0FD9BBB9D4210B555ABFDE8 /* SecondaryButton.swift */; };
		A148DF9F2A0BC960D66E096D /* SettingsViewModel.swift in Sources */ = {isa = PBXBuildFile; fileRef = 1FC6496F5ECD26772FB7FB69 /* SettingsViewModel.swift */; };
		A15F5A39A350FAD5535E3DE5 /* ModeCardView.swift in Sources */ = {isa = PBXBuildFile; fileRef = BA5B36BF5F0F05BEB42E262F /* ModeCardView.swift */; };
		B35F38F4ECD02885A35C4414 /* Badge.swift in Sources */ = {isa = PBXBuildFile; fileRef = 2D82C2ADC37099CFAA76E18A /* Badge.swift */; };
		B855E9899F8FF1C26390387C /* StorageManager.swift in Sources */ = {isa = PBXBuildFile; fileRef = 93219C145B8A0F991B772EB2 /* StorageManager.swift */; };
		BE0926811EF86C972529562E /* ResultView.swift in Sources */ = {isa = PBXBuildFile; fileRef = 9483515D5CCDA9580ECD160E /* ResultView.swift */; };
		C2C8250670BC1B76BC49C2D4 /* SplashView.swift in Sources */ = {isa = PBXBuildFile; fileRef = 71900C605B95B2ABB51F9446 /* SplashView.swift */; };
		C68FC558E635275EE2290550 /* ProgressViewModel.swift in Sources */ = {isa = PBXBuildFile; fileRef = 9A8FA8874FE9169424CE9C5B /* ProgressViewModel.swift */; };
		C81D78281A0A1367C4F4AC2B /* FiveSecondCountryChallengeApp.swift in Sources */ = {isa = PBXBuildFile; fileRef = 18BE96FA85F75CCC2601DBFB /* FiveSecondCountryChallengeApp.swift */; };
		C8E6D2AAE0A40C33C7E1385A /* BadgeCardView.swift in Sources */ = {isa = PBXBuildFile; fileRef = FFE538171FE57344543F37E8 /* BadgeCardView.swift */; };
		D36821581256974BD880D8EA /* CountryVisualCard.swift in Sources */ = {isa = PBXBuildFile; fileRef = E38492C9FDB184A881740192 /* CountryVisualCard.swift */; };
		DF946A76A4CCEEF58E946A55 /* Country.swift in Sources */ = {isa = PBXBuildFile; fileRef = 70635E5AA729ECC8BCAC9063 /* Country.swift */; };
		E1373A2BDB7043679773032B /* GameViewModel.swift in Sources */ = {isa = PBXBuildFile; fileRef = DE202C51820A679B381523F6 /* GameViewModel.swift */; };
		E18BF0E034FB2AAAD80B7EA5 /* GameModeSelectionView.swift in Sources */ = {isa = PBXBuildFile; fileRef = 464FFA63E67781245B74AE6A /* GameModeSelectionView.swift */; };
		EFEDC5C4A738C0E30BBE2B34 /* DesignSystem.swift in Sources */ = {isa = PBXBuildFile; fileRef = 6C6BEA55B9480DF1221B7A42 /* DesignSystem.swift */; };
		F885510517D569E253F0D455 /* LeaderboardView.swift in Sources */ = {isa = PBXBuildFile; fileRef = 4C0A4CA1CA9943BAE6E5EB56 /* LeaderboardView.swift */; };
		FFAD33EF84F79EB1EEB4BD4E /* Difficulty.swift in Sources */ = {isa = PBXBuildFile; fileRef = 776D7B1F1F692230F6B51DCE /* Difficulty.swift */; };
/* End PBXBuildFile section */

/* Begin PBXFileReference section */
		1090D87E227E39C3B8A96956 /* LeaderboardEntry.swift */ = {isa = PBXFileReference; lastKnownFileType = sourcecode.swift; name = LeaderboardEntry.swift; path = Models/LeaderboardEntry.swift; sourceTree = SOURCE_ROOT; };
		18BE96FA85F75CCC2601DBFB /* FiveSecondCountryChallengeApp.swift */ = {isa = PBXFileReference; lastKnownFileType = sourcecode.swift; name = FiveSecondCountryChallengeApp.swift; path = App/FiveSecondCountryChallengeApp.swift; sourceTree = SOURCE_ROOT; };
		1C313BA4589659AC4230ED36 /* StatCardView.swift */ = {isa = PBXFileReference; lastKnownFileType = sourcecode.swift; name = StatCardView.swift; path = Components/StatCardView.swift; sourceTree = SOURCE_ROOT; };
		1FC6496F5ECD26772FB7FB69 /* SettingsViewModel.swift */ = {isa = PBXFileReference; lastKnownFileType = sourcecode.swift; name = SettingsViewModel.swift; path = ViewModels/SettingsViewModel.swift; sourceTree = SOURCE_ROOT; };
		2544903DE26099A24917EAE9 /* BadgesView.swift */ = {isa = PBXFileReference; lastKnownFileType = sourcecode.swift; name = BadgesView.swift; path = Views/BadgesView.swift; sourceTree = SOURCE_ROOT; };
		2D82C2ADC37099CFAA76E18A /* Badge.swift */ = {isa = PBXFileReference; lastKnownFileType = sourcecode.swift; name = Badge.swift; path = Models/Badge.swift; sourceTree = SOURCE_ROOT; };
		410CD345E403C76DDE6411BD /* PrimaryButton.swift */ = {isa = PBXFileReference; lastKnownFileType = sourcecode.swift; name = PrimaryButton.swift; path = Components/PrimaryButton.swift; sourceTree = SOURCE_ROOT; };
		464FFA63E67781245B74AE6A /* GameModeSelectionView.swift */ = {isa = PBXFileReference; lastKnownFileType = sourcecode.swift; name = GameModeSelectionView.swift; path = Views/GameModeSelectionView.swift; sourceTree = SOURCE_ROOT; };
		48CC288A78E2C99AB7E77475 /* SettingsView.swift */ = {isa = PBXFileReference; lastKnownFileType = sourcecode.swift; name = SettingsView.swift; path = Views/SettingsView.swift; sourceTree = SOURCE_ROOT; };
		4A1AA32FABF0EE28B53B1DA1 /* DifficultySelectionView.swift */ = {isa = PBXFileReference; lastKnownFileType = sourcecode.swift; name = DifficultySelectionView.swift; path = Views/DifficultySelectionView.swift; sourceTree = SOURCE_ROOT; };
		4C0A4CA1CA9943BAE6E5EB56 /* LeaderboardView.swift */ = {isa = PBXFileReference; lastKnownFileType = sourcecode.swift; name = LeaderboardView.swift; path = Views/LeaderboardView.swift; sourceTree = SOURCE_ROOT; };
		6835D3E77B76B15F031707F0 /* GameResult.swift */ = {isa = PBXFileReference; lastKnownFileType = sourcecode.swift; name = GameResult.swift; path = Models/GameResult.swift; sourceTree = SOURCE_ROOT; };
		6BD5E9766A7396E0E43DA120 /* AppRoute.swift */ = {isa = PBXFileReference; lastKnownFileType = sourcecode.swift; name = AppRoute.swift; path = Core/AppRoute.swift; sourceTree = SOURCE_ROOT; };
		6C6BEA55B9480DF1221B7A42 /* DesignSystem.swift */ = {isa = PBXFileReference; lastKnownFileType = sourcecode.swift; name = DesignSystem.swift; path = Core/DesignSystem.swift; sourceTree = SOURCE_ROOT; };
		6CA2AACB4861C5234C9676E4 /* ProgressView.swift */ = {isa = PBXFileReference; lastKnownFileType = sourcecode.swift; name = ProgressView.swift; path = Views/ProgressView.swift; sourceTree = SOURCE_ROOT; };
		70635E5AA729ECC8BCAC9063 /* Country.swift */ = {isa = PBXFileReference; lastKnownFileType = sourcecode.swift; name = Country.swift; path = Models/Country.swift; sourceTree = SOURCE_ROOT; };
		71900C605B95B2ABB51F9446 /* SplashView.swift */ = {isa = PBXFileReference; lastKnownFileType = sourcecode.swift; name = SplashView.swift; path = Views/SplashView.swift; sourceTree = SOURCE_ROOT; };
		776D7B1F1F692230F6B51DCE /* Difficulty.swift */ = {isa = PBXFileReference; lastKnownFileType = sourcecode.swift; name = Difficulty.swift; path = Models/Difficulty.swift; sourceTree = SOURCE_ROOT; };
		892B61B12FEA646A00DBF067 /* Countrymapshape.swift */ = {isa = PBXFileReference; lastKnownFileType = sourcecode.swift; path = Countrymapshape.swift; sourceTree = "<group>"; };
		892B61B32FEA654B00DBF067 /* Countryoutlines.swift */ = {isa = PBXFileReference; lastKnownFileType = sourcecode.swift; path = Countryoutlines.swift; sourceTree = "<group>"; };
		8950E3E22FEC85F2000BED33 /* NewAssets.xcassets */ = {isa = PBXFileReference; lastKnownFileType = folder.assetcatalog; path = NewAssets.xcassets; sourceTree = "<group>"; };
		93219C145B8A0F991B772EB2 /* StorageManager.swift */ = {isa = PBXFileReference; lastKnownFileType = sourcecode.swift; name = StorageManager.swift; path = Services/StorageManager.swift; sourceTree = SOURCE_ROOT; };
		9483515D5CCDA9580ECD160E /* ResultView.swift */ = {isa = PBXFileReference; lastKnownFileType = sourcecode.swift; name = ResultView.swift; path = Views/ResultView.swift; sourceTree = SOURCE_ROOT; };
		9A8FA8874FE9169424CE9C5B /* ProgressViewModel.swift */ = {isa = PBXFileReference; lastKnownFileType = sourcecode.swift; name = ProgressViewModel.swift; path = ViewModels/ProgressViewModel.swift; sourceTree = SOURCE_ROOT; };
		9DA8A1DB982B6599B803F441 /* CountryDatabase.swift */ = {isa = PBXFileReference; lastKnownFileType = sourcecode.swift; name = CountryDatabase.swift; path = Data/CountryDatabase.swift; sourceTree = SOURCE_ROOT; };
		A05C520B53C374762F396500 /* XPProgressView.swift */ = {isa = PBXFileReference; lastKnownFileType = sourcecode.swift; name = XPProgressView.swift; path = Components/XPProgressView.swift; sourceTree = SOURCE_ROOT; };
		B404EE307E17703D69568B0D /* TimerRingView.swift */ = {isa = PBXFileReference; lastKnownFileType = sourcecode.swift; name = TimerRingView.swift; path = Components/TimerRingView.swift; sourceTree = SOURCE_ROOT; };
		B5A7054CB39F9099710318F8 /* QuizView.swift */ = {isa = PBXFileReference; lastKnownFileType = sourcecode.swift; name = QuizView.swift; path = Views/QuizView.swift; sourceTree = SOURCE_ROOT; };
		B88878F073260367F746CDBB /* DifficultyCardView.swift */ = {isa = PBXFileReference; lastKnownFileType = sourcecode.swift; name = DifficultyCardView.swift; path = Components/DifficultyCardView.swift; sourceTree = SOURCE_ROOT; };
		BA5B36BF5F0F05BEB42E262F /* ModeCardView.swift */ = {isa = PBXFileReference; lastKnownFileType = sourcecode.swift; name = ModeCardView.swift; path = Components/ModeCardView.swift; sourceTree = SOURCE_ROOT; };
		C0FD9BBB9D4210B555ABFDE8 /* SecondaryButton.swift */ = {isa = PBXFileReference; lastKnownFileType = sourcecode.swift; name = SecondaryButton.swift; path = Components/SecondaryButton.swift; sourceTree = SOURCE_ROOT; };
		C4AD6250DCF003F8FCBBAFA0 /* FiveSecondCountryChallenge.app */ = {isa = PBXFileReference; explicitFileType = wrapper.application; includeInIndex = 0; path = FiveSecondCountryChallenge.app; sourceTree = BUILT_PRODUCTS_DIR; };
		DE202C51820A679B381523F6 /* GameViewModel.swift */ = {isa = PBXFileReference; lastKnownFileType = sourcecode.swift; name = GameViewModel.swift; path = ViewModels/GameViewModel.swift; sourceTree = SOURCE_ROOT; };
		DEB375FD9F137E5971B42000 /* HomeView.swift */ = {isa = PBXFileReference; lastKnownFileType = sourcecode.swift; name = HomeView.swift; path = Views/HomeView.swift; sourceTree = SOURCE_ROOT; };
		E38492C9FDB184A881740192 /* CountryVisualCard.swift */ = {isa = PBXFileReference; lastKnownFileType = sourcecode.swift; name = CountryVisualCard.swift; path = Components/CountryVisualCard.swift; sourceTree = SOURCE_ROOT; };
		EFC09C5F2EC6F01733642FD7 /* HapticManager.swift */ = {isa = PBXFileReference; lastKnownFileType = sourcecode.swift; name = HapticManager.swift; path = Services/HapticManager.swift; sourceTree = SOURCE_ROOT; };
		F1E71668BA855F9C49AC3E83 /* AnswerButton.swift */ = {isa = PBXFileReference; lastKnownFileType = sourcecode.swift; name = AnswerButton.swift; path = Components/AnswerButton.swift; sourceTree = SOURCE_ROOT; };
		F62243BABBA0F8618964C420 /* GameMode.swift */ = {isa = PBXFileReference; lastKnownFileType = sourcecode.swift; name = GameMode.swift; path = Models/GameMode.swift; sourceTree = SOURCE_ROOT; };
		FFE538171FE57344543F37E8 /* BadgeCardView.swift */ = {isa = PBXFileReference; lastKnownFileType = sourcecode.swift; name = BadgeCardView.swift; path = Components/BadgeCardView.swift; sourceTree = SOURCE_ROOT; };
/* End PBXFileReference section */

/* Begin PBXFrameworksBuildPhase section */
		36E2D336F4D2831692B077F8 /* Frameworks */ = {
			isa = PBXFrameworksBuildPhase;
			buildActionMask = 2147483647;
			files = (
			);
			runOnlyForDeploymentPostprocessing = 0;
		};
/* End PBXFrameworksBuildPhase section */

/* Begin PBXGroup section */
		0AE76A8769897E0D3F4D4C32 = {
			isa = PBXGroup;
			children = (
				D1D0524B025E57AFFF263442 /* App */,
				86B30826509D60ACFBFFFEC0 /* Components */,
				35D315DEBBF45F223B169A61 /* Core */,
				6D073E8790EA5B8BEFB0DD4C /* Data */,
				A1C86A29E589D48EC70B6A32 /* Models */,
				609874F33224C0C09F1FEE42 /* Services */,
				8C82CBDAB62AC804C92AACD0 /* ViewModels */,
				38DF21AEF4612506D6BE5CBE /* Views */,
				1BADDC1D73C1A20F347483E1 /* Products */,
			);
			sourceTree = "<group>";
		};
		1BADDC1D73C1A20F347483E1 /* Products */ = {
			isa = PBXGroup;
			children = (
				C4AD6250DCF003F8FCBBAFA0 /* FiveSecondCountryChallenge.app */,
			);
			name = Products;
			sourceTree = "<group>";
		};
		35D315DEBBF45F223B169A61 /* Core */ = {
			isa = PBXGroup;
			children = (
				6BD5E9766A7396E0E43DA120 /* AppRoute.swift */,
				6C6BEA55B9480DF1221B7A42 /* DesignSystem.swift */,
			);
			path = Core;
			sourceTree = SOURCE_ROOT;
		};
		38DF21AEF4612506D6BE5CBE /* Views */ = {
			isa = PBXGroup;
			children = (
				2544903DE26099A24917EAE9 /* BadgesView.swift */,
				4A1AA32FABF0EE28B53B1DA1 /* DifficultySelectionView.swift */,
				464FFA63E67781245B74AE6A /* GameModeSelectionView.swift */,
				DEB375FD9F137E5971B42000 /* HomeView.swift */,
				4C0A4CA1CA9943BAE6E5EB56 /* LeaderboardView.swift */,
				6CA2AACB4861C5234C9676E4 /* ProgressView.swift */,
				B5A7054CB39F9099710318F8 /* QuizView.swift */,
				9483515D5CCDA9580ECD160E /* ResultView.swift */,
				48CC288A78E2C99AB7E77475 /* SettingsView.swift */,
				71900C605B95B2ABB51F9446 /* SplashView.swift */,
				8950E3E22FEC85F2000BED33 /* NewAssets.xcassets */,
			);
			path = Views;
			sourceTree = SOURCE_ROOT;
		};
		609874F33224C0C09F1FEE42 /* Services */ = {
			isa = PBXGroup;
			children = (
				EFC09C5F2EC6F01733642FD7 /* HapticManager.swift */,
				93219C145B8A0F991B772EB2 /* StorageManager.swift */,
			);
			path = Services;
			sourceTree = SOURCE_ROOT;
		};
		6D073E8790EA5B8BEFB0DD4C /* Data */ = {
			isa = PBXGroup;
			children = (
				9DA8A1DB982B6599B803F441 /* CountryDatabase.swift */,
			);
			path = Data;
			sourceTree = SOURCE_ROOT;
		};
		86B30826509D60ACFBFFFEC0 /* Components */ = {
			isa = PBXGroup;
			children = (
				F1E71668BA855F9C49AC3E83 /* AnswerButton.swift */,
				FFE538171FE57344543F37E8 /* BadgeCardView.swift */,
				E38492C9FDB184A881740192 /* CountryVisualCard.swift */,
				892B61B12FEA646A00DBF067 /* Countrymapshape.swift */,
				892B61B32FEA654B00DBF067 /* Countryoutlines.swift */,
				B88878F073260367F746CDBB /* DifficultyCardView.swift */,
				BA5B36BF5F0F05BEB42E262F /* ModeCardView.swift */,
				410CD345E403C76DDE6411BD /* PrimaryButton.swift */,
				C0FD9BBB9D4210B555ABFDE8 /* SecondaryButton.swift */,
				1C313BA4589659AC4230ED36 /* StatCardView.swift */,
				B404EE307E17703D69568B0D /* TimerRingView.swift */,
				A05C520B53C374762F396500 /* XPProgressView.swift */,
			);
			path = Components;
			sourceTree = SOURCE_ROOT;
		};
		8C82CBDAB62AC804C92AACD0 /* ViewModels */ = {
			isa = PBXGroup;
			children = (
				DE202C51820A679B381523F6 /* GameViewModel.swift */,
				9A8FA8874FE9169424CE9C5B /* ProgressViewModel.swift */,
				1FC6496F5ECD26772FB7FB69 /* SettingsViewModel.swift */,
			);
			path = ViewModels;
			sourceTree = SOURCE_ROOT;
		};
		A1C86A29E589D48EC70B6A32 /* Models */ = {
			isa = PBXGroup;
			children = (
				2D82C2ADC37099CFAA76E18A /* Badge.swift */,
				70635E5AA729ECC8BCAC9063 /* Country.swift */,
				776D7B1F1F692230F6B51DCE /* Difficulty.swift */,
				F62243BABBA0F8618964C420 /* GameMode.swift */,
				6835D3E77B76B15F031707F0 /* GameResult.swift */,
				1090D87E227E39C3B8A96956 /* LeaderboardEntry.swift */,
			);
			path = Models;
			sourceTree = SOURCE_ROOT;
		};
		D1D0524B025E57AFFF263442 /* App */ = {
			isa = PBXGroup;
			children = (
				18BE96FA85F75CCC2601DBFB /* FiveSecondCountryChallengeApp.swift */,
			);
			path = App;
			sourceTree = SOURCE_ROOT;
		};
/* End PBXGroup section */

/* Begin PBXNativeTarget section */
		82C2FDF984AD1181E0A6EECC /* FiveSecondCountryChallenge */ = {
			isa = PBXNativeTarget;
			buildConfigurationList = 8B271C3BF441746F5312D6FC /* Build configuration list for PBXNativeTarget "FiveSecondCountryChallenge" */;
			buildPhases = (
				DE6EE531638FBF802B9F50F8 /* Sources */,
				36E2D336F4D2831692B077F8 /* Frameworks */,
				505DCE76C480DFFAA8952713 /* Resources */,
			);
			buildRules = (
			);
			dependencies = (
			);
			name = FiveSecondCountryChallenge;
			productName = FiveSecondCountryChallenge;
			productReference = C4AD6250DCF003F8FCBBAFA0 /* FiveSecondCountryChallenge.app */;
			productType = "com.apple.product-type.application";
		};
/* End PBXNativeTarget section */

/* Begin PBXProject section */
		5CD759D4193846E4910FD9BB /* Project object */ = {
			isa = PBXProject;
			attributes = {
				BuildIndependentTargetsInParallel = 1;
				LastSwiftUpdateCheck = 1500;
				LastUpgradeCheck = 1500;
				TargetAttributes = {
					82C2FDF984AD1181E0A6EECC = {
						CreatedOnToolsVersion = 15.0;
					};
				};
			};
			buildConfigurationList = 4809A4CD1420FFDA78E3E80E /* Build configuration list for PBXProject "FiveSecondCountryChallenge" */;
			compatibilityVersion = "Xcode 14.0";
			developmentRegion = en;
			hasScannedForEncodings = 0;
			knownRegions = (
				en,
				Base,
			);
			mainGroup = 0AE76A8769897E0D3F4D4C32;
			productRefGroup = 1BADDC1D73C1A20F347483E1 /* Products */;
			projectDirPath = "";
			projectRoot = "";
			targets = (
				82C2FDF984AD1181E0A6EECC /* FiveSecondCountryChallenge */,
			);
		};
/* End PBXProject section */

/* Begin PBXResourcesBuildPhase section */
		505DCE76C480DFFAA8952713 /* Resources */ = {
			isa = PBXResourcesBuildPhase;
			buildActionMask = 2147483647;
			files = (
				8950E3E32FEC85F2000BED33 /* NewAssets.xcassets in Resources */,
			);
			runOnlyForDeploymentPostprocessing = 0;
		};
/* End PBXResourcesBuildPhase section */

/* Begin PBXSourcesBuildPhase section */
		DE6EE531638FBF802B9F50F8 /* Sources */ = {
			isa = PBXSourcesBuildPhase;
			buildActionMask = 2147483647;
			files = (
				C81D78281A0A1367C4F4AC2B /* FiveSecondCountryChallengeApp.swift in Sources */,
				5C4D43E61ECC5901D90A6805 /* AnswerButton.swift in Sources */,
				C8E6D2AAE0A40C33C7E1385A /* BadgeCardView.swift in Sources */,
				D36821581256974BD880D8EA /* CountryVisualCard.swift in Sources */,
				68314FF41BD31679F413F9FD /* DifficultyCardView.swift in Sources */,
				A15F5A39A350FAD5535E3DE5 /* ModeCardView.swift in Sources */,
				36008A22012B94530B65F641 /* PrimaryButton.swift in Sources */,
				9E7C9F5AFDE0A01AE9A16D21 /* SecondaryButton.swift in Sources */,
				9A705BAF616ECA3AA0A56875 /* StatCardView.swift in Sources */,
				0A2D8E6DDB5A7C9F50389A33 /* TimerRingView.swift in Sources */,
				376C5A9B475FED81312B5DC9 /* XPProgressView.swift in Sources */,
				892B61B42FEA654B00DBF067 /* Countryoutlines.swift in Sources */,
				2F8ACACBDB4EB17CACEF06FF /* AppRoute.swift in Sources */,
				EFEDC5C4A738C0E30BBE2B34 /* DesignSystem.swift in Sources */,
				6D460B87DE12ADE0643D4F78 /* CountryDatabase.swift in Sources */,
				B35F38F4ECD02885A35C4414 /* Badge.swift in Sources */,
				DF946A76A4CCEEF58E946A55 /* Country.swift in Sources */,
				FFAD33EF84F79EB1EEB4BD4E /* Difficulty.swift in Sources */,
				22A2C49DDE325C95E4AF62A6 /* GameMode.swift in Sources */,
				3953E1D60FD2A93C75081A69 /* GameResult.swift in Sources */,
				892B61B22FEA646A00DBF067 /* Countrymapshape.swift in Sources */,
				6CEE07E8F4E3BDF32E6CC93F /* LeaderboardEntry.swift in Sources */,
				2B0DE17FACE65E3522F0BBAB /* HapticManager.swift in Sources */,
				B855E9899F8FF1C26390387C /* StorageManager.swift in Sources */,
				E1373A2BDB7043679773032B /* GameViewModel.swift in Sources */,
				C68FC558E635275EE2290550 /* ProgressViewModel.swift in Sources */,
				A148DF9F2A0BC960D66E096D /* SettingsViewModel.swift in Sources */,
				9333DF10AA3923CD2E35A005 /* BadgesView.swift in Sources */,
				3076280AA5CFC81EA6FEA2C0 /* DifficultySelectionView.swift in Sources */,
				E18BF0E034FB2AAAD80B7EA5 /* GameModeSelectionView.swift in Sources */,
				9B602B311244610BB221ABB4 /* HomeView.swift in Sources */,
				F885510517D569E253F0D455 /* LeaderboardView.swift in Sources */,
				1AD459EB41671F46321A1750 /* ProgressView.swift in Sources */,
				0572CD9C153FC7FB4C89C279 /* QuizView.swift in Sources */,
				BE0926811EF86C972529562E /* ResultView.swift in Sources */,
				7F85965D0DBD296822761116 /* SettingsView.swift in Sources */,
				C2C8250670BC1B76BC49C2D4 /* SplashView.swift in Sources */,
			);
			runOnlyForDeploymentPostprocessing = 0;
		};
/* End PBXSourcesBuildPhase section */

/* Begin XCBuildConfiguration section */
		24548D0CDA913E2A0BFD2074 /* Debug */ = {
			isa = XCBuildConfiguration;
			buildSettings = {
				ALWAYS_SEARCH_USER_PATHS = NO;
				ASSET_CATALOG_COMPILER_OPTIMIZATION = space;
				CLANG_ANALYZER_NONNULL = YES;
				CLANG_ANALYZER_NUMBER_OBJECT_CONVERSION = YES_AGGRESSIVE;
				CLANG_CXX_LANGUAGE_STANDARD = "gnu++20";
				CLANG_ENABLE_MODULES = YES;
				CLANG_ENABLE_OBJC_ARC = YES;
				CLANG_ENABLE_OBJC_WEAK = YES;
				CLANG_WARN_BLOCK_CAPTURE_AUTORELEASING = YES;
				CLANG_WARN_BOOL_CONVERSION = YES;
				CLANG_WARN_COMMA = YES;
				CLANG_WARN_CONSTANT_CONVERSION = YES;
				CLANG_WARN_DEPRECATED_OBJC_IMPLEMENTATIONS = YES;
				CLANG_WARN_DIRECT_OBJC_ISA_USAGE = YES_ERROR;
				CLANG_WARN_DOCUMENTATION_COMMENTS = YES;
				CLANG_WARN_EMPTY_BODY = YES;
				CLANG_WARN_ENUM_CONVERSION = YES;
				CLANG_WARN_INFINITE_RECURSION = YES;
				CLANG_WARN_INT_CONVERSION = YES;
				CLANG_WARN_NON_LITERAL_NULL_CONVERSION = YES;
				CLANG_WARN_OBJC_IMPLICIT_RETAIN_SELF = YES;
				CLANG_WARN_OBJC_LITERAL_CONVERSION = YES;
				CLANG_WARN_OBJC_ROOT_CLASS = YES_ERROR;
				CLANG_WARN_QUOTED_INCLUDE_IN_FRAMEWORK_HEADER = YES;
				CLANG_WARN_RANGE_LOOP_ANALYSIS = YES;
				CLANG_WARN_STRICT_PROTOTYPES = YES;
				CLANG_WARN_SUSPICIOUS_MOVE = YES;
				CLANG_WARN_UNGUARDED_AVAILABILITY = YES_AGGRESSIVE;
				CLANG_WARN_UNREACHABLE_CODE = YES;
				CLANG_WARN__DUPLICATE_METHOD_MATCH = YES;
				COPY_PHASE_STRIP = NO;
				DEBUG_INFORMATION_FORMAT = dwarf;
				ENABLE_STRICT_OBJC_MSGSEND = YES;
				ENABLE_TESTABILITY = YES;
				GCC_C_LANGUAGE_STANDARD = gnu17;
				GCC_DYNAMIC_NO_PIC = NO;
				GCC_NO_COMMON_BLOCKS = YES;
				GCC_OPTIMIZATION_LEVEL = 0;
				GCC_PREPROCESSOR_DEFINITIONS = (
					"DEBUG=1",
					"$(inherited)",
				);
				GCC_WARN_64_TO_32_BIT_CONVERSION = YES;
				GCC_WARN_ABOUT_RETURN_TYPE = YES_ERROR;
				GCC_WARN_UNDECLARED_SELECTOR = YES;
				GCC_WARN_UNINITIALIZED_AUTOS = YES_AGGRESSIVE;
				GCC_WARN_UNUSED_FUNCTION = YES;
				GCC_WARN_UNUSED_VARIABLE = YES;
				IPHONEOS_DEPLOYMENT_TARGET = 17.0;
				MTL_ENABLE_DEBUG_INFO = INCLUDE_SOURCE;
				MTL_FAST_MATH = YES;
				ONLY_ACTIVE_ARCH = YES;
				SDKROOT = iphoneos;
				SWIFT_ACTIVE_COMPILATION_CONDITIONS = DEBUG;
				SWIFT_OPTIMIZATION_LEVEL = "-Onone";
				SWIFT_VERSION = 5.0;
			};
			name = Debug;
		};
		4ECFF114A0708240FCDF88A9 /* Release */ = {
			isa = XCBuildConfiguration;
			buildSettings = {
				ASSTATALOG_COMPILER_APPICON_NAME = AppIcon;
				BUNDLE_IDENTIFIER = com.yourname.FiveSecondCountryChallenge;
				CURRENT_PROJECT_VERSION = 1;
				DEVELOPMENT_TEAM = 3VZ994N5DL;
				GENERATE_INFOPLIST_FILE = YES;
				INFOPLIST_FILE = "";
				INFOPLIST_KEY_NSHumanReadableCopyright = "";
				INFOPLIST_KEY_UIApplicationSceneManifest_Generation = YES;
				INFOPLIST_KEY_UIApplicationSupportsIndirectInputEvents = YES;
				INFOPLIST_KEY_UILaunchScreen_Generation = YES;
				INFOPLIST_KEY_UISupportedInterfaceOrientations_iPhone = UIInterfaceOrientationPortrait;
				IPHONEOS_DEPLOYMENT_TARGET = 17.0;
				LE_SWIFT_VERSION = 5.0;
				MARKETING_VERSION = 1.0;
				PRODUCT_BUNDLE_IDENTIFIER = com.yourname.FiveSecondCountryChallenge;
				PRODUCT_NAME = "$(TARGET_NAME)";
				SWIFT_EMIT_LOC_STRINGS = YES;
				SWIFT_VERSION = 5.0;
				TARGETED_DEVICE_FAMILY = 1;
			};
			name = Release;
		};
		C5186C047C03E6448F5D3606 /* Release */ = {
			isa = XCBuildConfiguration;
			buildSettings = {
				ALWAYS_SEARCH_USER_PATHS = NO;
				ASSET_CATALOG_COMPILER_OPTIMIZATION = space;
				CLANG_ANALYZER_NONNULL = YES;
				CLANG_CXX_LANGUAGE_STANDARD = "gnu++20";
				CLANG_ENABLE_MODULES = YES;
				CLANG_ENABLE_OBJC_ARC = YES;
				CLANG_ENABLE_OBJC_WEAK = YES;
				COPY_PHASE_STRIP = NO;
				DEBUG_INFORMATION_FORMAT = "dwarf-with-dsym";
				ENABLE_NS_ASSERTIONS = NO;
				ENABLE_STRICT_OBJC_MSGSEND = YES;
				GCC_C_LANGUAGE_STANDARD = gnu17;
				GCC_NO_COMMON_BLOCKS = YES;
				GCC_WARN_64_TO_32_BIT_CONVERSION = YES;
				GCC_WARN_ABOUT_RETURN_TYPE = YES_ERROR;
				GCC_WARN_UNDECLARED_SELECTOR = YES;
				GCC_WARN_UNINITIALIZED_AUTOS = YES_AGGRESSIVE;
				GCC_WARN_UNUSED_FUNCTION = YES;
				GCC_WARN_UNUSED_VARIABLE = YES;
				IPHONEOS_DEPLOYMENT_TARGET = 17.0;
				MTL_FAST_MATH = YES;
				SDKROOT = iphoneos;
				SWIFT_COMPILATION_MODE = wholemodule;
				SWIFT_OPTIMIZATION_LEVEL = "-O";
				SWIFT_VERSION = 5.0;
				VALIDATE_PRODUCT = YES;
			};
			name = Release;
		};
		CFB5FD367C3C97DBA4439440 /* Debug */ = {
			isa = XCBuildConfiguration;
			buildSettings = {
				ASSTATALOG_COMPILER_APPICON_NAME = AppIcon;
				BUNDLE_IDENTIFIER = com.yourname.FiveSecondCountryChallenge;
				BUNDLE_LOADER = "";
				CURRENT_PROJECT_VERSION = 1;
				DEVELOPMENT_TEAM = 3VZ994N5DL;
				GENERATE_INFOPLIST_FILE = YES;
				INFOPLIST_FILE = "";
				INFOPLIST_KEY_NSHumanReadableCopyright = "";
				INFOPLIST_KEY_UIApplicationSceneManifest_Generation = YES;
				INFOPLIST_KEY_UIApplicationSupportsIndirectInputEvents = YES;
				INFOPLIST_KEY_UILaunchScreen_Generation = YES;
				INFOPLIST_KEY_UISupportedInterfaceOrientations_iPhone = UIInterfaceOrientationPortrait;
				IPHONEOS_DEPLOYMENT_TARGET = 17.0;
				LE_SWIFT_VERSION = 5.0;
				MARKETING_VERSION = 1.0;
				PRODUCT_BUNDLE_IDENTIFIER = com.yourname.FiveSecondCountryChallenge;
				PRODUCT_NAME = "$(TARGET_NAME)";
				SWIFT_EMIT_LOC_STRINGS = YES;
				SWIFT_VERSION = 5.0;
				TARGETED_DEVICE_FAMILY = 1;
			};
			name = Debug;
		};
/* End XCBuildConfiguration section */

/* Begin XCConfigurationList section */
		4809A4CD1420FFDA78E3E80E /* Build configuration list for PBXProject "FiveSecondCountryChallenge" */ = {
			isa = XCConfigurationList;
			buildConfigurations = (
				24548D0CDA913E2A0BFD2074 /* Debug */,
				C5186C047C03E6448F5D3606 /* Release */,
			);
			defaultConfigurationIsVisible = 0;
			defaultConfigurationName = Release;
		};
		8B271C3BF441746F5312D6FC /* Build configuration list for PBXNativeTarget "FiveSecondCountryChallenge" */ = {
			isa = XCConfigurationList;
			buildConfigurations = (
				CFB5FD367C3C97DBA4439440 /* Debug */,
				4ECFF114A0708240FCDF88A9 /* Release */,
			);
			defaultConfigurationIsVisible = 0;
			defaultConfigurationName = Release;
		};
/* End XCConfigurationList section */
	};
	rootObject = 5CD759D4193846E4910FD9BB /* Project object */;
}
